{
  "name": "@ceramicnetwork/ceramic-doctype-verifiable-credential",
  "version": "1.0.0",
  "lockfileVersion": 1,
  "requires": true,
  "dependencies": {
    "3id-blockchain-utils": {
      "version": "0.4.0",
      "resolved": "https://registry.npmjs.org/3id-blockchain-utils/-/3id-blockchain-utils-0.4.0.tgz",
      "integrity": "sha512-eaycubt8UxjJ+B1gD480QdS6tnsr/CJ8/z4xeZNgKeaKWgzish1D9MSen0IFIKzBU2YoUtQUzizGtPIYp6VvGg==",
      "requires": {
        "@babel/runtime": "^7.9.2",
        "@ethersproject/contracts": "5.0.0-beta.152",
        "@ethersproject/providers": "5.0.0-beta.144",
        "@ethersproject/wallet": "5.0.0-beta.136",
        "js-sha256": "^0.9.0"
      }
    },
    "@babel/runtime": {
      "version": "7.10.5",
      "resolved": "https://registry.npmjs.org/@babel/runtime/-/runtime-7.10.5.tgz",
      "integrity": "sha512-otddXKhdNn7d0ptoFRHtMLa8LqDxLYwTjB4nYgM1yy5N6gU/MUf8zqyyLltCH3yAVitBzmwK4us+DD0l/MauAg==",
      "requires": {
        "regenerator-runtime": "^0.13.4"
      }
    },
    "@ceramicnetwork/ceramic-common": {
      "version": "0.2.4",
      "resolved": "https://registry.npmjs.org/@ceramicnetwork/ceramic-common/-/ceramic-common-0.2.4.tgz",
      "integrity": "sha512-ud5umkOYSlc6fvkPnQNvCpu7F8AJspGR8aA7twLR0iY/pdSoGQ7tBFE2VYGdukE+p91ZX+plITYunN9pnSmpvg==",
      "requires": {
        "@types/lodash.clonedeep": "^4.5.6",
        "did-resolver": "^2.0.1"
      }
    },
    "@ethersproject/abi": {
      "version": "5.0.2",
      "resolved": "https://registry.npmjs.org/@ethersproject/abi/-/abi-5.0.2.tgz",
      "integrity": "sha512-Z+5f7xOgtRLu/W2l9Ry5xF7ehh9QVQ0m1vhynmTcS7DMfHgqTd1/PDFC62aw91ZPRCRZsYdZJu8ymokC5e1JSw==",
      "requires": {
        "@ethersproject/address": "^5.0.0",
        "@ethersproject/bignumber": "^5.0.0",
        "@ethersproject/bytes": "^5.0.0",
        "@ethersproject/constants": "^5.0.0",
        "@ethersproject/hash": "^5.0.0",
        "@ethersproject/keccak256": "^5.0.0",
        "@ethersproject/logger": "^5.0.0",
        "@ethersproject/properties": "^5.0.0",
        "@ethersproject/strings": "^5.0.0"
      }
    },
    "@ethersproject/abstract-provider": {
      "version": "5.0.2",
      "resolved": "https://registry.npmjs.org/@ethersproject/abstract-provider/-/abstract-provider-5.0.2.tgz",
      "integrity": "sha512-U1s60+nG02x8FKNMoVNI6MG8SguWCoG9HJtwOqWZ38LBRMsDV4c0w4izKx98kcsN3wXw4U2/YAyJ9LlH7+/hkg==",
      "requires": {
        "@ethersproject/bignumber": "^5.0.0",
        "@ethersproject/bytes": "^5.0.0",
        "@ethersproject/logger": "^5.0.0",
        "@ethersproject/networks": "^5.0.0",
        "@ethersproject/properties": "^5.0.0",
        "@ethersproject/transactions": "^5.0.0",
        "@ethersproject/web": "^5.0.0"
      }
    },
    "@ethersproject/abstract-signer": {
      "version": "5.0.2",
      "resolved": "https://registry.npmjs.org/@ethersproject/abstract-signer/-/abstract-signer-5.0.2.tgz",
      "integrity": "sha512-CzzXbeqKlgayE4YTnvvreGBG3n+HxakGXrxaGM6LjBZnOOIVSYi6HMFG8ZXls7UspRY4hvMrtnKEJKDCOngSBw==",
      "requires": {
        "@ethersproject/abstract-provider": "^5.0.0",
        "@ethersproject/bignumber": "^5.0.0",
        "@ethersproject/bytes": "^5.0.0",
        "@ethersproject/logger": "^5.0.0",
        "@ethersproject/properties": "^5.0.0"
      }
    },
    "@ethersproject/address": {
      "version": "5.0.2",
      "resolved": "https://registry.npmjs.org/@ethersproject/address/-/address-5.0.2.tgz",
      "integrity": "sha512-+rz26RKj7ujGfQynys4V9VJRbR+wpC6eL8F22q3raWMH3152Ha31GwJPWzxE/bEA+43M/zTNVwY0R53gn53L2Q==",
      "requires": {
        "@ethersproject/bignumber": "^5.0.0",
        "@ethersproject/bytes": "^5.0.0",
        "@ethersproject/keccak256": "^5.0.0",
        "@ethersproject/logger": "^5.0.0",
        "@ethersproject/rlp": "^5.0.0",
        "bn.js": "^4.4.0"
      }
    },
    "@ethersproject/base64": {
      "version": "5.0.2",
      "resolved": "https://registry.npmjs.org/@ethersproject/base64/-/base64-5.0.2.tgz",
      "integrity": "sha512-0FE5RH5cUDddOiQEDpWtyHjkSW4D5/rdJzA3KTZo8Fk5ab/Y8vdzqbamsXPyPsXU3gS+zCE5Qq4EKVOWlWLLTA==",
      "requires": {
        "@ethersproject/bytes": "^5.0.0"
      }
    },
    "@ethersproject/basex": {
      "version": "5.0.2",
      "resolved": "https://registry.npmjs.org/@ethersproject/basex/-/basex-5.0.2.tgz",
      "integrity": "sha512-p4m2CeQqI9vma3XipRbP2iDf6zTsbroE0MEXBAYXidsoJQSvePKrC6MVRKfTzfcHej1b9wfmjVBzqhqn3FRhIA==",
      "requires": {
        "@ethersproject/bytes": "^5.0.0",
        "@ethersproject/properties": "^5.0.0"
      }
    },
    "@ethersproject/bignumber": {
      "version": "5.0.5",
      "resolved": "https://registry.npmjs.org/@ethersproject/bignumber/-/bignumber-5.0.5.tgz",
      "integrity": "sha512-24ln7PV0g8ZzjcVZiLW9Wod0i+XCmK6zKkAaxw5enraTIT1p7gVOcSXFSzNQ9WYAwtiFQPvvA+TIO2oEITZNJA==",
      "requires": {
        "@ethersproject/bytes": "^5.0.0",
        "@ethersproject/logger": "^5.0.0",
        "bn.js": "^4.4.0"
      }
    },
    "@ethersproject/bytes": {
      "version": "5.0.3",
      "resolved": "https://registry.npmjs.org/@ethersproject/bytes/-/bytes-5.0.3.tgz",
      "integrity": "sha512-AyPMAlY+Amaw4Zfp8OAivm1xYPI8mqiUYmEnSUk1CnS2NrQGHEMmFJFiOJdS3gDDpgSOFhWIjZwxKq2VZpqNTA==",
      "requires": {
        "@ethersproject/logger": "^5.0.0"
      }
    },
    "@ethersproject/constants": {
      "version": "5.0.2",
      "resolved": "https://registry.npmjs.org/@ethersproject/constants/-/constants-5.0.2.tgz",
      "integrity": "sha512-nNoVlNP6bgpog7pQ2EyD1xjlaXcy1Cl4kK5v1KoskHj58EtB6TK8M8AFGi3GgHTdMldfT4eN3OsoQ/CdOTVNFA==",
      "requires": {
        "@ethersproject/bignumber": "^5.0.0"
      }
    },
    "@ethersproject/contracts": {
      "version": "5.0.0-beta.152",
      "resolved": "https://registry.npmjs.org/@ethersproject/contracts/-/contracts-5.0.0-beta.152.tgz",
      "integrity": "sha512-sYdSNqmX59uH1eDqQvR4QlYaslQ80zqvrWaugUeSqz97/EyZ2aVF61R/BJ+mKLnv/smwerkNlGKCjxubmdmM/w==",
      "requires": {
        "@ethersproject/abi": ">=5.0.0-beta.153",
        "@ethersproject/abstract-provider": ">=5.0.0-beta.139",
        "@ethersproject/abstract-signer": ">=5.0.0-beta.142",
        "@ethersproject/address": ">=5.0.0-beta.134",
        "@ethersproject/bignumber": ">=5.0.0-beta.138",
        "@ethersproject/bytes": ">=5.0.0-beta.137",
        "@ethersproject/constants": ">=5.0.0-beta.133",
        "@ethersproject/logger": ">=5.0.0-beta.137",
        "@ethersproject/properties": ">=5.0.0-beta.140",
        "@ethersproject/transactions": ">=5.0.0-beta.135"
      }
    },
    "@ethersproject/hash": {
      "version": "5.0.2",
      "resolved": "https://registry.npmjs.org/@ethersproject/hash/-/hash-5.0.2.tgz",
      "integrity": "sha512-dWGvNwmVRX2bxoQQ3ciMw46Vzl1nqfL+5R8+2ZxsRXD3Cjgw1dL2mdjJF7xMMWPvPdrlhKXWSK0gb8VLwHZ8Cw==",
      "requires": {
        "@ethersproject/bytes": "^5.0.0",
        "@ethersproject/keccak256": "^5.0.0",
        "@ethersproject/logger": "^5.0.0",
        "@ethersproject/strings": "^5.0.0"
      }
    },
    "@ethersproject/hdnode": {
      "version": "5.0.2",
      "resolved": "https://registry.npmjs.org/@ethersproject/hdnode/-/hdnode-5.0.2.tgz",
      "integrity": "sha512-QAUI5tfseTFqv00Vnbwzofqse81wN9TaL+x5GufTHIHJXgVdguxU+l39E3VYDCmO+eVAA6RCn5dJgeyra+PU2g==",
      "requires": {
        "@ethersproject/abstract-signer": "^5.0.0",
        "@ethersproject/basex": "^5.0.0",
        "@ethersproject/bignumber": "^5.0.0",
        "@ethersproject/bytes": "^5.0.0",
        "@ethersproject/logger": "^5.0.0",
        "@ethersproject/pbkdf2": "^5.0.0",
        "@ethersproject/properties": "^5.0.0",
        "@ethersproject/sha2": "^5.0.0",
        "@ethersproject/signing-key": "^5.0.0",
        "@ethersproject/strings": "^5.0.0",
        "@ethersproject/transactions": "^5.0.0",
        "@ethersproject/wordlists": "^5.0.0"
      }
    },
    "@ethersproject/json-wallets": {
      "version": "5.0.3",
      "resolved": "https://registry.npmjs.org/@ethersproject/json-wallets/-/json-wallets-5.0.3.tgz",
      "integrity": "sha512-VfDXn5ylugkfiM6SrvQfhX9oAHVU5dsNpRw8PjjTCn4k5E2JuVRO5A8sibkYXDhcBmRISZIWqclIxka6FI/chg==",
      "requires": {
        "@ethersproject/abstract-signer": "^5.0.0",
        "@ethersproject/address": "^5.0.0",
        "@ethersproject/bytes": "^5.0.0",
        "@ethersproject/hdnode": "^5.0.0",
        "@ethersproject/keccak256": "^5.0.0",
        "@ethersproject/logger": "^5.0.0",
        "@ethersproject/pbkdf2": "^5.0.0",
        "@ethersproject/properties": "^5.0.0",
        "@ethersproject/random": "^5.0.0",
        "@ethersproject/strings": "^5.0.0",
        "@ethersproject/transactions": "^5.0.0",
        "aes-js": "3.0.0",
        "scrypt-js": "3.0.1"
      }
    },
    "@ethersproject/keccak256": {
      "version": "5.0.2",
      "resolved": "https://registry.npmjs.org/@ethersproject/keccak256/-/keccak256-5.0.2.tgz",
      "integrity": "sha512-MbroXutc0gPNYIrUjS4Aw0lDuXabdzI7+l7elRWr1G6G+W0v00e/3gbikWkCReGtt2Jnt4lQSgnflhDwQGcIhA==",
      "requires": {
        "@ethersproject/bytes": "^5.0.0",
        "js-sha3": "0.5.7"
      }
    },
    "@ethersproject/logger": {
      "version": "5.0.4",
      "resolved": "https://registry.npmjs.org/@ethersproject/logger/-/logger-5.0.4.tgz",
      "integrity": "sha512-alA2LiAy1LdQ/L1SA9ajUC7MvGAEQLsICEfKK4erX5qhkXE1LwLSPIzobtOWFsMHf2yrXGKBLnnpuVHprI3sAw=="
    },
    "@ethersproject/networks": {
      "version": "5.0.2",
      "resolved": "https://registry.npmjs.org/@ethersproject/networks/-/networks-5.0.2.tgz",
      "integrity": "sha512-T7HVd62D4izNU2tDHf6xUDo7k4JOGX4Lk7vDmVcDKrepSWwL2OmGWrqSlkRe2a1Dnz4+1VPE6fb6+KsmSRe82g==",
      "requires": {
        "@ethersproject/logger": "^5.0.0"
      }
    },
    "@ethersproject/pbkdf2": {
      "version": "5.0.2",
      "resolved": "https://registry.npmjs.org/@ethersproject/pbkdf2/-/pbkdf2-5.0.2.tgz",
      "integrity": "sha512-OJFxdX/VtGI5M04lAzXKEOb76XBzjCOzGyko3/bMWat3ePAw7RveBOLyhm79SBs2fh21MSYgdG6JScEMHoSImw==",
      "requires": {
        "@ethersproject/bytes": "^5.0.0",
        "@ethersproject/sha2": "^5.0.0"
      }
    },
    "@ethersproject/properties": {
      "version": "5.0.2",
      "resolved": "https://registry.npmjs.org/@ethersproject/properties/-/properties-5.0.2.tgz",
      "integrity": "sha512-FxAisPGAOACQjMJzewl9OJG6lsGCPTm5vpUMtfeoxzAlAb2lv+kHzQPUh9h4jfAILzE8AR1jgXMzRmlhwyra1Q==",
      "requires": {
        "@ethersproject/logger": "^5.0.0"
      }
    },
    "@ethersproject/providers": {
      "version": "5.0.0-beta.144",
      "resolved": "https://registry.npmjs.org/@ethersproject/providers/-/providers-5.0.0-beta.144.tgz",
      "integrity": "sha512-r4WIDGlI2lcrUkldqfhUsegVL3LB08l0s8Ri1sPQyEVIB01ZDCvxxWk2dohTWSQHDAa7Nkym9EgKps6Ij3MEpQ==",
      "requires": {
        "@ethersproject/abstract-provider": ">=5.0.0-beta.131",
        "@ethersproject/abstract-signer": ">=5.0.0-beta.132",
        "@ethersproject/address": ">=5.0.0-beta.128",
        "@ethersproject/bignumber": ">=5.0.0-beta.130",
        "@ethersproject/bytes": ">=5.0.0-beta.129",
        "@ethersproject/constants": ">=5.0.0-beta.128",
        "@ethersproject/hash": ">=5.0.0-beta.128",
        "@ethersproject/logger": ">=5.0.0-beta.129",
        "@ethersproject/networks": ">=5.0.0-beta.129",
        "@ethersproject/properties": ">=5.0.0-beta.131",
        "@ethersproject/random": ">=5.0.0-beta.128",
        "@ethersproject/rlp": ">=5.0.0-beta.126",
        "@ethersproject/strings": ">=5.0.0-beta.130",
        "@ethersproject/transactions": ">=5.0.0-beta.128",
        "@ethersproject/web": ">=5.0.0-beta.129"
      }
    },
    "@ethersproject/random": {
      "version": "5.0.2",
      "resolved": "https://registry.npmjs.org/@ethersproject/random/-/random-5.0.2.tgz",
      "integrity": "sha512-kLeS+6bwz37WR2zbe69gudyoGVoUzljQO0LhifnATsZ7rW0JZ9Zgt0h5aXY7tqFDo9TvdqeCwUFdp1t3T5Fkhg==",
      "requires": {
        "@ethersproject/bytes": "^5.0.0",
        "@ethersproject/logger": "^5.0.0"
      }
    },
    "@ethersproject/rlp": {
      "version": "5.0.2",
      "resolved": "https://registry.npmjs.org/@ethersproject/rlp/-/rlp-5.0.2.tgz",
      "integrity": "sha512-oE0M5jqQ67fi2SuMcrpoewOpEuoXaD8M9JeR9md1bXRMvDYgKXUtDHs22oevpEOdnO2DPIRabp6MVHa4aDuWmw==",
      "requires": {
        "@ethersproject/bytes": "^5.0.0",
        "@ethersproject/logger": "^5.0.0"
      }
    },
    "@ethersproject/sha2": {
      "version": "5.0.2",
      "resolved": "https://registry.npmjs.org/@ethersproject/sha2/-/sha2-5.0.2.tgz",
      "integrity": "sha512-VFl4qSStjQZaygpqoAHswaCY59qBm1Sm0rf8iv0tmgVsRf0pBg2nJaNf9NXXvcuJ9AYPyXl57dN8kozdC4z5Cg==",
      "requires": {
        "@ethersproject/bytes": "^5.0.0",
        "@ethersproject/logger": "^5.0.0",
        "hash.js": "1.1.3"
      },
      "dependencies": {
        "hash.js": {
          "version": "1.1.3",
          "resolved": "https://registry.npmjs.org/hash.js/-/hash.js-1.1.3.tgz",
          "integrity": "sha512-/UETyP0W22QILqS+6HowevwhEFJ3MBJnwTf75Qob9Wz9t0DPuisL8kW8YZMK62dHAKE1c1p+gY1TtOLY+USEHA==",
          "requires": {
            "inherits": "^2.0.3",
            "minimalistic-assert": "^1.0.0"
          }
        }
      }
    },
    "@ethersproject/signing-key": {
      "version": "5.0.3",
      "resolved": "https://registry.npmjs.org/@ethersproject/signing-key/-/signing-key-5.0.3.tgz",
      "integrity": "sha512-5QPZaBRGCLzfVMbFb3LcVjNR0UbTXnwDHASnQYfbzwUOnFYHKxHsrcbl/5ONGoppgi8yXgOocKqlPCFycJJVWQ==",
      "requires": {
        "@ethersproject/bytes": "^5.0.0",
        "@ethersproject/logger": "^5.0.0",
        "@ethersproject/properties": "^5.0.0",
        "elliptic": "6.5.3"
      }
    },
    "@ethersproject/strings": {
      "version": "5.0.2",
      "resolved": "https://registry.npmjs.org/@ethersproject/strings/-/strings-5.0.2.tgz",
      "integrity": "sha512-oNa+xvSqsFU96ndzog0IBTtsRFGOqGpzrXJ7shXLBT7juVeSEyZA/sYs0DMZB5mJ9FEjHdZKxR/rTyBY91vuXg==",
      "requires": {
        "@ethersproject/bytes": "^5.0.0",
        "@ethersproject/constants": "^5.0.0",
        "@ethersproject/logger": "^5.0.0"
      }
    },
    "@ethersproject/transactions": {
      "version": "5.0.2",
      "resolved": "https://registry.npmjs.org/@ethersproject/transactions/-/transactions-5.0.2.tgz",
      "integrity": "sha512-jZp0ZbbJlq4JLZY6qoMzNtp2HQsX6USQposi3ns0MPUdn3OdZJBDtrcO15r/2VS5t/K1e1GE5MI1HmMKlcTbbQ==",
      "requires": {
        "@ethersproject/address": "^5.0.0",
        "@ethersproject/bignumber": "^5.0.0",
        "@ethersproject/bytes": "^5.0.0",
        "@ethersproject/constants": "^5.0.0",
        "@ethersproject/keccak256": "^5.0.0",
        "@ethersproject/logger": "^5.0.0",
        "@ethersproject/properties": "^5.0.0",
        "@ethersproject/rlp": "^5.0.0",
        "@ethersproject/signing-key": "^5.0.0"
      }
    },
    "@ethersproject/wallet": {
      "version": "5.0.0-beta.136",
      "resolved": "https://registry.npmjs.org/@ethersproject/wallet/-/wallet-5.0.0-beta.136.tgz",
      "integrity": "sha512-ORK5/zCf0XCh7lcTKDXXUm18Crm4kjM3k/J6HRzs56LCHDlDlQbWRnfubq7uj6ZH6/FEIuf5F2J8YvOVpoqcSA==",
      "requires": {
        "@ethersproject/abstract-provider": ">=5.0.0-beta.131",
        "@ethersproject/abstract-signer": ">=5.0.0-beta.132",
        "@ethersproject/address": ">=5.0.0-beta.128",
        "@ethersproject/bignumber": ">=5.0.0-beta.130",
        "@ethersproject/bytes": ">=5.0.0-beta.129",
        "@ethersproject/hash": ">=5.0.0-beta.128",
        "@ethersproject/hdnode": ">=5.0.0-beta.130",
        "@ethersproject/json-wallets": ">=5.0.0-beta.129",
        "@ethersproject/keccak256": ">=5.0.0-beta.127",
        "@ethersproject/logger": ">=5.0.0-beta.129",
        "@ethersproject/properties": ">=5.0.0-beta.131",
        "@ethersproject/random": ">=5.0.0-beta.128",
        "@ethersproject/signing-key": ">=5.0.0-beta.129",
        "@ethersproject/transactions": ">=5.0.0-beta.128",
        "@ethersproject/wordlists": ">=5.0.0-beta.128"
      }
    },
    "@ethersproject/web": {
      "version": "5.0.2",
      "resolved": "https://registry.npmjs.org/@ethersproject/web/-/web-5.0.2.tgz",
      "integrity": "sha512-uAlcxdrAWB9PXZlb5NPzbOOt5/m9EJP2c6eLw15/PXPkNNohEIKvdXXOWdcQgTjZ0pcAaD/9mnJ6HXg7NbqXiw==",
      "requires": {
        "@ethersproject/base64": "^5.0.0",
        "@ethersproject/logger": "^5.0.0",
        "@ethersproject/properties": "^5.0.0",
        "@ethersproject/strings": "^5.0.0"
      }
    },
    "@ethersproject/wordlists": {
      "version": "5.0.2",
      "resolved": "https://registry.npmjs.org/@ethersproject/wordlists/-/wordlists-5.0.2.tgz",
      "integrity": "sha512-6vKDQcjjpnfdSCr0+jNxpFH3ieKxUPkm29tQX2US7a3zT/sJU/BGlKBR7D8oOpwdE0hpkHhJyMlypRBK+A2avA==",
      "requires": {
        "@ethersproject/bytes": "^5.0.0",
        "@ethersproject/hash": "^5.0.0",
        "@ethersproject/logger": "^5.0.0",
        "@ethersproject/properties": "^5.0.0",
        "@ethersproject/strings": "^5.0.0"
      }
    },
    "@stablelib/utf8": {
      "version": "1.0.0",
      "resolved": "https://registry.npmjs.org/@stablelib/utf8/-/utf8-1.0.0.tgz",
      "integrity": "sha512-Y8QWrK4T0yW0HMFfSI3ZaMHKV37q27hX5ilsmKV358x01mzYfj5fwIf2LjzTlF+UIemHEXSlSN9XJnv1ML4znQ=="
    },
    "@types/lodash": {
      "version": "4.14.157",
      "resolved": "https://registry.npmjs.org/@types/lodash/-/lodash-4.14.157.tgz",
      "integrity": "sha512-Ft5BNFmv2pHDgxV5JDsndOWTRJ+56zte0ZpYLowp03tW+K+t8u8YMOzAnpuqPgzX6WO1XpDIUm7u04M8vdDiVQ=="
    },
    "@types/lodash.clonedeep": {
      "version": "4.5.6",
      "resolved": "https://registry.npmjs.org/@types/lodash.clonedeep/-/lodash.clonedeep-4.5.6.tgz",
      "integrity": "sha512-cE1jYr2dEg1wBImvXlNtp0xDoS79rfEdGozQVgliDZj1uERH4k+rmEMTudP9b4VQ8O6nRb5gPqft0QzEQGMQgA==",
      "requires": {
        "@types/lodash": "*"
      }
    },
    "aes-js": {
      "version": "3.0.0",
      "resolved": "https://registry.npmjs.org/aes-js/-/aes-js-3.0.0.tgz",
      "integrity": "sha1-4h3xCtbCBTKVvLuNq0Cwnb6ofk0="
    },
    "base64-js": {
      "version": "1.3.1",
      "resolved": "https://registry.npmjs.org/base64-js/-/base64-js-1.3.1.tgz",
      "integrity": "sha512-mLQ4i2QO1ytvGWFWmcngKO//JXAQueZvwEKtjgQFM4jIK0kU+ytMfplL8j+n5mspOfjHwoAg+9yhb7BwAHm36g=="
    },
    "bn.js": {
      "version": "4.11.9",
      "resolved": "https://registry.npmjs.org/bn.js/-/bn.js-4.11.9.tgz",
      "integrity": "sha512-E6QoYqCKZfgatHTdHzs1RRKP7ip4vvm+EyRUeE2RF0NblwVvb0p6jSVeNTOFxPn26QXN2o6SMfNxKp6kU8zQaw=="
    },
    "brorand": {
      "version": "1.1.0",
      "resolved": "https://registry.npmjs.org/brorand/-/brorand-1.1.0.tgz",
      "integrity": "sha1-EsJe/kCkXjwyPrhnWgoM5XsiNx8="
    },
    "buffer": {
      "version": "5.6.0",
      "resolved": "https://registry.npmjs.org/buffer/-/buffer-5.6.0.tgz",
      "integrity": "sha512-/gDYp/UtU0eA1ys8bOs9J6a+E/KWIY+DZ+Q2WESNUA0jFRsJOc0SNUO6xJ5SGA1xueg3NL65W6s+NY5l9cunuw==",
      "requires": {
        "base64-js": "^1.0.2",
        "ieee754": "^1.1.4"
      }
    },
    "did-jwt": {
      "version": "4.4.0",
      "resolved": "https://registry.npmjs.org/did-jwt/-/did-jwt-4.4.0.tgz",
      "integrity": "sha512-wCzo+dqF46fPw1xlSI35lt3y4Ovpvquj772lB8mpsSLo6eRo8YhiF4XR+MznllShb/PtHUdiDBUpWrGQjkwfAQ==",
      "requires": {
        "@babel/runtime": "^7.10.2",
        "@stablelib/utf8": "^1.0.0",
        "buffer": "^5.6.0",
        "did-resolver": "^2.0.1",
        "elliptic": "^6.5.2",
        "js-sha256": "^0.9.0",
        "js-sha3": "^0.8.0",
        "tweetnacl": "^1.0.3",
        "uport-base64url": "3.0.2-alpha.0"
      },
      "dependencies": {
        "js-sha3": {
          "version": "0.8.0",
          "resolved": "https://registry.npmjs.org/js-sha3/-/js-sha3-0.8.0.tgz",
          "integrity": "sha512-gF1cRrHhIzNfToc802P800N8PpXS+evLLXfsVpowqmAFR9uwbi89WvXg2QspOmXL8QL86J4T1EpFu+yUkwJY3Q=="
        }
      }
    },
    "did-jwt-vc": {
      "version": "1.0.3",
      "resolved": "https://registry.npmjs.org/did-jwt-vc/-/did-jwt-vc-1.0.3.tgz",
      "integrity": "sha512-hOZT/XaFlj5LcxVvcYNzQueqF5QLgAQlh6qyGJ4CHiY29ueY+aKjoR18k8NKgTQDD9pdcoJQqtvWccnxS2SBxw==",
      "dev": true,
      "requires": {
        "did-jwt": "^4.3.2"
      }
    },
    "did-resolver": {
      "version": "2.0.1",
      "resolved": "https://registry.npmjs.org/did-resolver/-/did-resolver-2.0.1.tgz",
      "integrity": "sha512-NomJQaRiu0izKFFerYGrca48YxWtMOtOoqG3JUTLJtET8n2T1i8WlQz500zesnioZWi5RVNsUS/eMQfRWy7bbg=="
    },
    "elliptic": {
      "version": "6.5.3",
      "resolved": "https://registry.npmjs.org/elliptic/-/elliptic-6.5.3.tgz",
      "integrity": "sha512-IMqzv5wNQf+E6aHeIqATs0tOLeOTwj1QKbRcS3jBbYkl5oLAserA8yJTT7/VyHUYG91PRmPyeQDObKLPpeS4dw==",
      "requires": {
        "bn.js": "^4.4.0",
        "brorand": "^1.0.1",
        "hash.js": "^1.0.0",
        "hmac-drbg": "^1.0.0",
        "inherits": "^2.0.1",
        "minimalistic-assert": "^1.0.0",
        "minimalistic-crypto-utils": "^1.0.0"
      }
    },
    "hash.js": {
      "version": "1.1.7",
      "resolved": "https://registry.npmjs.org/hash.js/-/hash.js-1.1.7.tgz",
      "integrity": "sha512-taOaskGt4z4SOANNseOviYDvjEJinIkRgmp7LbKP2YTTmVxWBl87s/uzK9r+44BclBSp2X7K1hqeNfz9JbBeXA==",
      "requires": {
        "inherits": "^2.0.3",
        "minimalistic-assert": "^1.0.1"
      }
    },
    "hmac-drbg": {
      "version": "1.0.1",
      "resolved": "https://registry.npmjs.org/hmac-drbg/-/hmac-drbg-1.0.1.tgz",
      "integrity": "sha1-0nRXAQJabHdabFRXk+1QL8DGSaE=",
      "requires": {
        "hash.js": "^1.0.3",
        "minimalistic-assert": "^1.0.0",
        "minimalistic-crypto-utils": "^1.0.1"
      }
    },
    "ieee754": {
      "version": "1.1.13",
      "resolved": "https://registry.npmjs.org/ieee754/-/ieee754-1.1.13.tgz",
      "integrity": "sha512-4vf7I2LYV/HaWerSo3XmlMkp5eZ83i+/CDluXi/IGTs/O1sejBNhTtnxzmRZfvOUqj7lZjqHkeTvpgSFDlWZTg=="
    },
    "inherits": {
      "version": "2.0.4",
      "resolved": "https://registry.npmjs.org/inherits/-/inherits-2.0.4.tgz",
      "integrity": "sha512-k/vGaX4/Yla3WzyMCvTQOXYeIHvqOKtnqBduzTHpzpQZzAskKMhZ2K+EnBiSM9zGSoIFeMpXKxa4dYeZIQqewQ=="
    },
    "js-sha256": {
      "version": "0.9.0",
      "resolved": "https://registry.npmjs.org/js-sha256/-/js-sha256-0.9.0.tgz",
      "integrity": "sha512-sga3MHh9sgQN2+pJ9VYZ+1LPwXOxuBJBA5nrR5/ofPfuiJBE2hnjsaN8se8JznOmGLN2p49Pe5U/ttafcs/apA=="
    },
    "js-sha3": {
      "version": "0.5.7",
      "resolved": "https://registry.npmjs.org/js-sha3/-/js-sha3-0.5.7.tgz",
      "integrity": "sha1-DU/9gALVMzqrr0oj7tL2N0yfKOc="
    },
    "minimalistic-assert": {
      "version": "1.0.1",
      "resolved": "https://registry.npmjs.org/minimalistic-assert/-/minimalistic-assert-1.0.1.tgz",
      "integrity": "sha512-UtJcAD4yEaGtjPezWuO9wC4nwUnVH/8/Im3yEHQP4b67cXlD/Qr9hdITCU1xDbSEXg2XKNaP8jsReV7vQd00/A=="
    },
    "minimalistic-crypto-utils": {
      "version": "1.0.1",
      "resolved": "https://registry.npmjs.org/minimalistic-crypto-utils/-/minimalistic-crypto-utils-1.0.1.tgz",
      "integrity": "sha1-9sAMHAsIIkblxNmd+4x8CDsrWCo="
    },
    "regenerator-runtime": {
      "version": "0.13.5",
      "resolved": "https://registry.npmjs.org/regenerator-runtime/-/regenerator-runtime-0.13.5.tgz",
      "integrity": "sha512-ZS5w8CpKFinUzOwW3c83oPeVXoNsrLsaCoLtJvAClH135j/R77RuymhiSErhm2lKcwSCIpmvIWSbDkIfAqKQlA=="
    },
    "scrypt-js": {
      "version": "3.0.1",
      "resolved": "https://registry.npmjs.org/scrypt-js/-/scrypt-js-3.0.1.tgz",
      "integrity": "sha512-cdwTTnqPu0Hyvf5in5asVdZocVDTNRmR7XEcJuIzMjJeSHybHl7vpB66AzwTaIg6CLSbtjcxc8fqcySfnTkccA=="
    },
    "tweetnacl": {
      "version": "1.0.3",
      "resolved": "https://registry.npmjs.org/tweetnacl/-/tweetnacl-1.0.3.tgz",
      "integrity": "sha512-6rt+RN7aOi1nGMyC4Xa5DdYiukl2UWCbcJft7YhxReBGQD7OAM8Pbxw6YMo4r2diNEA8FEmu32YOn9rhaiE5yw=="
    },
    "uport-base64url": {
      "version": "3.0.2-alpha.0",
      "resolved": "https://registry.npmjs.org/uport-base64url/-/uport-base64url-3.0.2-alpha.0.tgz",
      "integrity": "sha512-pRu0xm1K39IUzuMQEmFWdqP+H8jOzblwTXf0r9wFBCa6ZLLQsNuDeUwB2Ld+9zlBSvQQv+XEzG7cQukSCueZqw==",
      "requires": {
        "buffer": "^5.2.1"
      }
    }
  }
}
